{
  "name": "yemenjpt-backend",
  "version": "1.0.0",
  "lockfileVersion": 3,
  "requires": true,
  "packages": {
    "": {
      "name": "yemenjpt-backend",
      "version": "1.0.0",
      "dependencies": {
        "body-parser": "^1.20.2",
        "cors": "^2.8.5",
        "express": "^4.19.2",
        "node-telegram-bot-api": "^0.66.0"
      }
    },
    "node_modules/accepts": {
      "version": "1.3.8",
      "resolved": "https://registry.npmjs.org/accepts/-/accepts-1.3.8.tgz",
      "integrity": "sha512-PYAthTa2m2sp+ns9icvGlKzEusZpkrswE9SFmbDEzW8kfa44oRZHFcKKSKzS9JYh3jOxNF+fTtrsTyuAUssYlA==",
      "dependencies": {
        "mime-types": "~2.1.34",
        "negotiator": "0.6.3"
      },
      "engines": {
        "node": ">= 0.6"
      }
    },
    "node_modules/agent-base": {
      "version": "6.0.2",
      "resolved": "https://registry.npmjs.org/agent-base/-/agent-base-6.0.2.tgz",
      "integrity": "sha512-RZNwNclF7+x_ppAyNgMdfMXKL5PoEMhPj2d3c5iNadgLVdssdUo4U209LfrMlTIoNIgciqonAUla3dKgrCagqg==",
      "dependencies": {
        "debug": "4"
      },
      "engines": {
        "node": ">= 6"
      }
    },
    "node_modules/array-flatten": {
      "version": "1.1.1",
      "resolved": "https://registry.npmjs.org/array-flatten/-/array-flatten-1.1.1.tgz",
      "integrity": "sha512-PCVAQswWkKXolI4PD+m3hT3blYpIhM9aKi0hAGjTWgA/x+q3SjS2G8nBwP9w02sSNEeV2dKj2cvhr1X8d2Oq7A=="
    },
    "node_modules/async-retry": {
      "version": "1.3.3",
      "resolved": "https://registry.npmjs.org/async-retry/-/async-retry-1.3.3.tgz",
      "integrity": "sha512-wfr/lNCG2EwKkScbA02m3MAh0gQ5M3JT13i3XRXSY4k0k2XmB5n20iPj2CjHkS3+fD8pG5Njl53T2H6e+TbrA==",
      "dependencies": {
        "retry": "0.13.1"
      }
    },
    "node_modules/bl": {
      "version": "4.1.0",
      "resolved": "https://registry.npmjs.org/bl/-/bl-4.1.0.tgz",
      "integrity": "sha512-1W07cM9gS6DcLperZfFSj+bCtimi4pcG2jaoLudkTuPtu/r9MxlCmMmhAmxtCRb7GgKkBvVPAwAhsTQyWp8NUg==",
      "dependencies": {
        "buffer": "^5.5.0",
        "readable-stream": "^3.4.0",
        "safe-buffer": "^5.1.1"
      }
    },
    "node_modules/body-parser": {
      "version": "1.20.2",
      "resolved": "https://registry.npmjs.org/body-parser/-/body-parser-1.20.2.tgz",
      "integrity": "sha512-ml9pReCu3M61kGlqoCo2MmwZOKl4OEcy46sW/NUCRtC5cCDPTCDeW3dJV நலNOQsM3fGMAIUSsoU+traACXelA==",
      "dependencies": {
        "bytes": "3.1.2",
        "content-type": "~1.0.5",
        "debug": "2.6.9",
        "depd": "2.0.0",
        "destroy": "1.2.0",
        "http-errors": "2.0.0",
        "iconv-lite": "0.4.24",
        "on-finished": "2.4.1",
        "qs": "6.11.0",
        "raw-body": "2.5.2",
        "type-is": "~1.6.18",
        "unpipe": "1.0.0"
      },
      "engines": {
        "node": ">= 0.8",
        "npm": "1.2.8000 || >= 1.4.16"
      }
    },
    "node_modules/body-parser/node_modules/debug": {
      "version": "2.6.9",
      "resolved": "https://registry.npmjs.org/debug/-/debug-2.6.9.tgz",
      "integrity": "sha512-bC7ElrdJaJnPbAP+1EotYvqZsb3ecl5wi6Bfi6BJTUcNowp6cvspg0jXznRTKDjm/E7AdgFBVeAPVMNcKGsHMA==",
      "dependencies": {
        "ms": "2.0.0"
      }
    },
    "node_modules/body-parser/node_modules/ms": {
      "version": "2.0.0",
      "resolved": "https://registry.npmjs.org/ms/-/ms-2.0.0.tgz",
      "integrity": "sha512-Tpp60P6IUJDTuOq/5Z8cdskzJdAbkJT8bK2tFRheEuPA5noLSqW4DlEqrQsL/UXCV+wY6Jr62Mmu3mkmLTsuGg=="
    },
    "node_modules/buffer": {
      "version": "5.7.1",
      "resolved": "https://registry.npmjs.org/buffer/-/buffer-5.7.1.tgz",
      "integrity": "sha512-EHcyIPBQ4BSGlvjB1pr7vVeMsew5XP1yoaB3R6XIlzup/d6EdS0+c+aeS+eoL+9K/Y4qci8DvU0K2CUo50+qEA==",
      "dependencies": {
        "base64-js": "^1.3.1",
        "ieee754": "^1.1.13"
      }
    },
    "node_modules/bytes": {
      "version": "3.1.2",
      "resolved": "https://registry.npmjs.org/bytes/-/bytes-3.1.2.tgz",
      "integrity": "sha512-/Nf7TyzTx6S3yRJObOAV7956r8cr2+Oj8AC5dtov/En0e+P2fZ/72B9sVnwOaUp82rUOC4SA3sYTIwePcS1Rug==",
      "engines": {
        "node": ">= 0.8"
      }
    },
    "node_modules/call-bind": {
      "version": "1.0.7",
      "resolved": "https://registry.npmjs.org/call-bind/-/call-bind-1.0.7.tgz",
      "integrity": "sha512-G3nEwEoyy+l4oB3cc+T37sK2h44+/3nB32d82h4iR2JAt4wTh6aT2j5/bPAI5tHn4QYwP+k53/4zL2ygt20Cg==",
      "dependencies": {
        "function-bind": "^1.1.2",
        "get-intrinsic": "^1.2.4",
        "set-function-length": "^1.2.2"
      },
      "funding": {
        "url": "https://github.com/sponsors/ljharb"
      }
    },
    "node_modules/content-disposition": {
      "version": "0.5.4",
      "resolved": "https://registry.npmjs.org/content-disposition/-/content-disposition-0.5.4.tgz",
      "integrity": "sha512-FveZTNuGw04cTCJn Gréy1A8b75pL6c7rAPiH6JbQUGws1Co2ZgoUwhYssvpu2BEJMroCzDjalmbAYqLpFFz2ow==",
      "dependencies": {
        "safe-buffer": "5.2.1"
      },
      "engines": {
        "node": ">= 0.6"
      }
    },
    "node_modules/content-type": {
      "version": "1.0.5",
      "resolved": "https://registry.npmjs.org/content-type/-/content-type-1.0.5.tgz",
      "integrity": "sha512-nTjqfcBFEipKdXCv4YDQVEhrUvN32lXl6wSHdTP5+grJ1J3olBELASKpffM/j2pFpCxwox0cfK1bWIN6tEge4g==",
      "engines": {
        "node": ">= 0.6"
      }
    },
    "node_modules/cookie": {
      "version": "0.6.0",
      "resolved": "https://registry.npmjs.org/cookie/-/cookie-0.6.0.tgz",
      "integrity": "sha512-vr6ohRgE0Qn6e9dC3sQpvK3FwF2AMPNOI6p11LF8rI7a28i24iO3Cn3AECx/o11cF1kOdu4f9H22/42s0wPyQg==",
      "engines": {
        "node": ">= 0.6"
      }
    },
    "node_modules/cookie-signature": {
      "version": "1.0.6",
      "resolved": "https://registry.npmjs.org/cookie-signature/-/cookie-signature-1.0.6.tgz",
      "integrity": "sha512-Qh1HcqPen14dlKVswjmE3idFz2oQ5M6wIsEC3KM5bY5K6i/3VeNTrY02tXgNPeiGglLpff3dGbLwscsSpOtPbg=="
    },
    "node_modules/cors": {
      "version": "2.8.5",
      "resolved": "https://registry.npmjs.org/cors/-/cors-2.8.5.tgz",
      "integrity": "sha512-II+l+eV/2eOsuL2IuROG5uMEcr9+EE19v5G8zajRzA3q8EnA1WstL1rOo/HwYwhEKr2rAaQ9e9uxpudYKA7iA==",
      "dependencies": {
        "object-assign": "^4",
        "vary": "^1"
      },
      "engines": {
        "node": ">= 0.10"
      }
    },
    "node_modules/debug": {
      "version": "4.3.4",
      "resolved": "https://registry.npmjs.org/debug/-/debug-4.3.4.tgz",
      "integrity": "sha512-PR1J4KzAFSSsyNAiSOPLLAfLDfPdxDXryLYvSP+bdo50t5e5A1G2cav+1dxC5K01wBgSTPgletgmNBbKz/G8wg==",
      "dependencies": {
        "ms": "2.1.2"
      },
      "engines": {
        "node": ">=6.0"
      },
      "peerDependenciesMeta": {
        "supports-color": {
          "optional": true
        }
      }
    },
    "node_modules/define-data-property": {
      "version": "1.1.4",
      "resolved": "https://registry.npmjs.org/define-data-property/-/define-data-property-1.1.4.tgz",
      "integrity": "sha512-rBMZdSqknfCuCM781Q+i0Cg3wXtA0E5e6i4mqaO7t8SAa8B3GRjPV3+25Yxtd5nIunrIYARghn2n3p0oSVl5Aw==",
      "dependencies": {
        "get-intrinsic": "^1.2.4",
        "has-property-descriptors": "^1.0.2",
        "gopd": "^1.0.1"
      },
      "engines": {
        "node": ">= 0.4"
      },
      "funding": {
        "url": "https://github.com/sponsors/ljharb"
      }
    },
    "node_modules/depd": {
      "version": "2.0.0",
      "resolved": "https://registry.npmjs.org/depd/-/depd-2.0.0.tgz",
      "integrity": "sha512-g7nH6P6dyDioJogAAGprGpCtVImJhpPk/decQvcoioasVqdtyhepueGPiCURSzuwwEer8o40vBCcoVOTwmtssA==",
      "engines": {
        "node": ">= 0.8"
      }
    },
    "node_modules/destroy": {
      "version": "1.2.0",
      "resolved": "https://registry.npmjs.org/destroy/-/destroy-1.2.0.tgz",
      "integrity": "sha512-2sJGJTwNYkL4qWSSaXXq2fP3dBS92K/nAnc2r3yG8IeAKd5Q9yD2f2o5vj2yEa2L/GvCh3tpaM7bOq1w+r2PA==",
      "engines": {
        "node": ">= 0.8",
        "npm": "1.2.8000 || >= 1.4.16"
      }
    },
    "node_modules/duplexify": {
      "version": "4.1.2",
      "resolved": "https://registry.npmjs.org/duplexify/-/duplexify-4.1.2.tgz",
      "integrity": "sha512-fL83T4Oun2oDE2a/1IX82mjVj5PE2hC4eP730Lz4WfPAf/Sg7G630wFkvNOwzYvjzo+vP2wNVEyM3bX2qU153A==",
      "dependencies": {
        "end-of-stream": "^1.4.1",
        "inherits": "^2.0.3",
        "readable-stream": "^3.0.0",
        "stream-shift": "^1.0.0"
      }
    },
    "node_modules/ee-first": {
      "version": "1.1.1",
      "resolved": "https://registry.npmjs.org/ee-first/-/ee-first-1.1.1.tgz",
      "integrity": "sha512-WMwm9LhRUo+WUaRN+vRuEe/U3ifJQVh0SkqLALQeD2igQGBLguAtA03ei+kMw5oD7rPZfU2WsbzYo7GyL/32xw=="
    },
    "node_modules/end-of-stream": {
      "version": "1.4.4",
      "resolved": "https://registry.npmjs.org/end-of-stream/-/end-of-stream-1.4.4.tgz",
      "integrity": "sha512-oS5WObUzE+417DAnbqr+sYogdLYva4C2rKkSO8LieKzL/qWc3vzoLYx54+dpe1H5vht2/mtLdMCh8SLbK5TwvA==",
      "dependencies": {
        "once": "^1.4.0"
      }
    },
    "node_modules/encodeurl": {
      "version": "1.0.2",
      "resolved": "https://registry.npmjs.org/encodeurl/-/encodeurl-1.0.2.tgz",
      "integrity": "sha512-TPka/rXEE9rURPloM0hPS1h2U2/0Y22Q1s3uU+sZX/v5nDbqUUZz1x33l3q2tS4B69g2SjROX1c412a2NS2iQ==",
      "engines": {
        "node": ">= 0.8"
      }
    },
    "node_modules/escape-html": {
      "version": "1.0.3",
      "resolved": "https://registry.npmjs.org/escape-html/-/escape-html-1.0.3.tgz",
      "integrity": "sha512-NiSupZ4A6J3eE51dITDA6tGYrdxiHYAaHiS2qj22rAZbHgtMOhbYkUXStBSB9lOMtM9Vb2I2T+AaiK2JzM9e7g=="
    },
    "node_modules/etag": {
      "version": "1.8.1",
      "resolved": "https://registry.npmjs.org/etag/-/etag-1.8.1.tgz",
      "integrity": "sha512-aIL5Fx7mawVa300al2fsDb/Wjkzo9gm/4zpolclx3GvS8VWLHZLXWv0+V4vQaddefufGeC3c/ws5zUbkgFHKiA==",
      "engines": {
        "node": ">= 0.6"
      }
    },
    "node_modules/express": {
      "version": "4.19.2",
      "resolved": "https://registry.npmjs.org/express/-/express-4.19.2.tgz",
      "integrity": "sha512-5T6nhjsT+EOMzbfYwZhXFGqF2dDrksLgeVth3D35QTYs3OUks0SH3pLFYc3Iouo4e1MAV2FFYNsRk7MMTtDqRA==",
      "dependencies": {
        "accepts": "~1.3.8",
        "array-flatten": "1.1.1",
        "body-parser": "1.20.2",
        "content-disposition": "0.5.4",
        "content-type": "~1.0.4",
        "cookie": "0.6.0",
        "cookie-signature": "1.0.6",
        "debug": "2.6.9",
        "depd": "2.0.0",
        "encodeurl": "~1.0.2",
        "escape-html": "~1.0.3",
        "etag": "~1.8.1",
        "finalhandler": "1.2.0",
        "fresh": "0.5.2",
        "http-errors": "2.0.0",
        "merge-descriptors": "1.0.1",
        "methods": "~1.1.2",
        "on-finished": "2.4.1",
        "parseurl": "~1.3.3",
        "path-to-regexp": "0.1.7",
        "proxy-addr": "~2.0.7",
        "qs": "6.11.0",
        "range-parser": "~1.2.1",
        "safe-buffer": "5.2.1",
        "send": "0.18.0",
        "serve-static": "1.15.0",
        "setprototypeof": "1.2.0",
        "statuses": "2.0.1",
        "type-is": "~1.6.18",
        "utils-merge": "1.0.1",
        "vary": "~1.1.2"
      },
      "engines": {
        "node": ">= 0.10.0"
      }
    },
    "node_modules/express/node_modules/debug": {
      "version": "2.6.9",
      "resolved": "https://registry.npmjs.org/debug/-/debug-2.6.9.tgz",
      "integrity": "sha512-bC7ElrdJaJnPbAP+1EotYvqZsb3ecl5wi6Bfi6BJTUcNowp6cvspg0jXznRTKDjm/E7AdgFBVeAPVMNcKGsHMA==",
      "dependencies": {
        "ms": "2.0.0"
      }
    },
    "node_modules/express/node_modules/ms": {
      "version": "2.0.0",
      "resolved": "https://registry.npmjs.org/ms/-/ms-2.0.0.tgz",
      "integrity": "sha512-Tpp60P6IUJDTuOq/5Z8cdskzJdAbkJT8bK2tFRheEuPA5noLSqW4DlEqrQsL/UXCV+wY6Jr62Mmu3mkmLTsuGg=="
    },
    "node_modules/file-type": {
      "version": "16.5.4",
      "resolved": "https://registry.npmjs.org/file-type/-/file-type-16.5.4.tgz",
      "integrity": "sha512-h91hDXB4C9GnoemkAn/TDINu+EwAYEa0i8z2LgdnLgpIfSPBHR44E11aIapRtG5ZX+kCeKEeouI22/+S+k/7bA==",
      "dependencies": {
        "readable-web-to-node-stream": "^3.0.1",
        "strtok3": "^6.2.3",
        "token-types": "^4.1.1"
      },
      "engines": {
        "node": ">=10"
      },
      "funding": {
        "url": "https://github.com/sponsors/sindresorhus"
      }
    },
    "node_modules/finalhandler": {
      "version": "1.2.0",
      "resolved": "https://registry.npmjs.org/finalhandler/-/finalhandler-1.2.0.tgz",
      "integrity": "sha512-5uXcUVftlQjbB69a2W4L32C19qQ9A3/b3N0q4aCehF3QasVEsY31Ph50Tss7oGcbpMSwL1f7oV2z9176TLk9LA==",
      "dependencies": {
        "debug": "2.6.9",
        "encodeurl": "~1.0.2",
        "escape-html": "~1.0.3",
        "on-finished": "2.4.1",
        "parseurl": "~1.3.3",
        "statuses": "2.0.1",
        "unpipe": "~1.0.0"
      },
      "engines": {
        "node": ">= 0.8"
      }
    },
    "node_modules/finalhandler/node_modules/debug": {
      "version": "2.6.9",
      "resolved": "https://registry.npmjs.org/debug/-/debug-2.6.9.tgz",
      "integrity": "sha512-bC7ElrdJaJnPbAP+1EotYvqZsb3ecl5wi6Bfi6BJTUcNowp6cvspg0jXznRTKDjm/E7AdgFBVeAPVMNcKGsHMA==",
      "dependencies": {
        "ms": "2.0.0"
      }
    },
    "node_modules/finalhandler/node_modules/ms": {
      "version": "2.0.0",
      "resolved": "https://registry.npmjs.org/ms/-/ms-2.0.0.tgz",
      "integrity": "sha512-Tpp60P6IUJDTuOq/5Z8cdskzJdAbkJT8bK2tFRheEuPA5noLSqW4DlEqrQsL/UXCV+wY6Jr62Mmu3mkmLTsuGg=="
    },
    "node_modules/flush-collaboration": {
      "version": "1.2.1",
      "resolved": "https://registry.npmjs.org/flush-collaboration/-/flush-collaboration-1.2.1.tgz",
      "integrity": "sha512-/tTrQFVyXoTCcIS30POiL70m6z0c2v1WfZb0bGL1W8k64j2y2M5c331a9V25aDajOQ8/5wUhbJ9I9h1IYYsVg=="
    },
    "node_modules/form-data": {
      "version": "4.0.0",
      "resolved": "https://registry.npmjs.org/form-data/-/form-data-4.0.0.tgz",
      "integrity": "sha512-M2y+MQu5k9r33we2B60i4W9VGnMAstA+QYm5Ym9n9S1h00T48L24G3y2aT4FxD7qjT83j1o8Qn4p5wG2DQhKw==",
      "dependencies": {
        "asynckit": "^0.4.0",
        "combined-stream": "^1.0.8",
        "mime-types": "^2.1.12"
      },
      "engines": {
        "node": ">= 6"
      }
    },
    "node_modules/forwarded": {
      "version": "0.2.0",
      "resolved": "https://registry.npmjs.org/forwarded/-/forwarded-0.2.0.tgz",
      "integrity": "sha512-buRG0fpk3ZvVCTRcLbNAisM08I2+hR27t35I2G1k9A4Gmo4e/bS1b3bflxBL21Yn3pFDRmxejVn7T+N6goqQfg==",
      "engines": {
        "node": ">= 0.6"
      }
    },
    "node_modules/fresh": {
      "version": "0.5.2",
      "resolved": "https://registry.npmjs.org/fresh/-/fresh-0.5.2.tgz",
      "integrity": "sha512-zJ2mQYM18rEFOcSW4ZOUzJgA8+9I4SfcHhwX2caaBySt+EMyPc1acdSGSSU92NOpH46spLIbA/XJ8sS11ebXLg==",
      "engines": {
        "node": ">= 0.6"
      }
    },
    "node_modules/function-bind": {
      "version": "1.1.2",
      "resolved": "https://registry.npmjs.org/function-bind/-/function-bind-1.1.2.tgz",
      "integrity": "sha512-714u4Q6AszG3s048D6xDoln7gXf+3fNgW7bGei78oN2H3iI56sLqasBAbm1vE2trr8r+imIFpS5gICDAEw/+XQ==",
      "funding": {
        "url": "https://github.com/sponsors/ljharb"
      }
    },
    "node_modules/get-intrinsic": {
      "version": "1.2.4",
      "resolved": "https://registry.npmjs.org/get-intrinsic/-/get-intrinsic-1.2.4.tgz",
      "integrity": "sha512-5uYI2wFEK+n2n3wYp3f3gl+18yA2w7i3vRo74ePjM2glae+iL8Kj7I0wzD6TjJ4QxW8sI10U+ljsrhke8v22g==",
      "dependencies": {
        "function-bind": "^1.1.2",
        "has-proto": "^1.0.1",
        "has-symbols": "^1.0.3",
        "hasown": "^2.0.1"
      },
      "funding": {
        "url": "https://github.com/sponsors/ljharb"
      }
    },
    "node_modules/gopd": {
      "version": "1.0.1",
      "resolved": "https://registry.npmjs.org/gopd/-/gopd-1.0.1.tgz",
      "integrity": "sha512-d6nB/4253hV+3vUTC0i62Smt9GdOQj8L04I4pCQf2iHwWjr1eX6o7QYd3aT2NFvRC7i9I053a48i0eIe1D9zNA==",
      "dependencies": {
        "get-intrinsic": "^1.1.3"
      },
      "funding": {
        "url": "https://github.com/sponsors/ljharb"
      }
    },
    "node_modules/has-property-descriptors": {
      "version": "1.0.2",
      "resolved": "https://registry.npmjs.org/has-property-descriptors/-/has-property-descriptors-1.0.2.tgz",
      "integrity": "sha512-555mSTc5KkPwsyIiSEK51p8t+m42f20Yv7wA+wwns068l87K0c3gARecZgko317f2w2OqY3gTEh23Y2iXgTzpg==",
      "dependencies": {
        "es-errors": "^1.3.0"
      },
      "funding": {
        "url": "https://github.com/sponsors/ljharb"
      }
    },
    "node_modules/has-proto": {
      "version": "1.0.1",
      "resolved": "https://registry.npmjs.org/has-proto/-/has-proto-1.0.1.tgz",
      "integrity": "sha512-7qE+iP+O+vDOTiIRIcbcgVmTfvrAEzzI7sBBoZLPKRjO+vMRi+JUIkSPzTALo65aSoDOFeVzdukg2sVlUPbHgA==",
      "engines": {
        "node": ">= 0.4"
      },
      "funding": {
        "url": "https://github.com/sponsors/ljharb"
      }
    },
    "node_modules/has-symbols": {
      "version": "1.0.3",
      "resolved": "https://registry.npmjs.org/has-symbols/-/has-symbols-1.0.3.tgz",
      "integrity": "sha512-l3LCuF6NfjUGwW3wAOSgYqI+mZEDd2tOHG3FITVwm3cKe64o3IrdLb1TqDrSSY22bo2dAbnuajLIi6pdMsJEaQ==",
      "engines": {
        "node": ">= 0.4"
      },
      "funding": {
        "url": "https://github.com/sponsors/ljharb"
      }
    },
    "node_modules/hasown": {
      "version": "2.0.2",
      "resolved": "https://registry.npmjs.org/hasown/-/hasown-2.0.2.tgz",
      "integrity": "sha512-0hAl6u9LgzXEInog2EPCbD3h2sF0a1k97kO6zEUf3cAE3k75jCsHgnwStYJ2WRi8DAo9p6xO+sPHmX3s+jC/FA==",
      "dependencies": {
        "function-bind": "^1.1.2"
      },
      "engines": {
        "node": ">= 0.4"
      }
    },
    "node_modules/http-errors": {
      "version": "2.0.0",
      "resolved": "https://registry.npmjs.org/http-errors/-/http-errors-2.0.0.tgz",
      "integrity": "sha512-FtwrG/euBzaEjYeNbOghAunwi7ikq3fedkSw5PjBSo7fCo6heSPSHRz3lM+YAEOR2qgP6BE3vr4wuSSlGGBP2A==",
      "dependencies": {
        "depd": "2.0.0",
        "inherits": "2.0.4",
        "setprototypeof": "1.2.0",
        "statuses": "2.0.1",
        "toidentifier": "1.0.1"
      },
      "engines": {
        "node": ">= 0.8"
      }
    },
    "node_modules/http-proxy-agent": {
      "version": "5.0.0",
      "resolved": "https://registry.npmjs.org/http-proxy-agent/-/http-proxy-agent-5.0.0.tgz",
      "integrity": "sha512-n2hQ8hL3w1L+KL8+6L3ctg05a6s2Owt4y14h7Vj+l560+oVddkS4fn4E7yD23tORP7aNk4G2Xn7s5e2teWGv2w==",
      "dependencies": {
        "agent-base": "6",
        "debug": "4"
      },
      "engines": {
        "node": ">= 6"
      }
    },
    "node_modules/https-proxy-agent": {
      "version": "5.0.1",
      "resolved": "https://registry.npmjs.org/https-proxy-agent/-/https-proxy-agent-5.0.1.tgz",
      "integrity": "sha512-dFcAjpkSc3Nv7w0PROxi9iI6MJ8m3hX/RA0y2n3r0/er32c3adFrq0eGns29Yn3dwy3nnbplb6Gf44uEd2Xz5Q==",
      "dependencies": {
        "agent-base": "6",
        "debug": "4"
      },
      "engines": {
        "node": ">= 6"
      }
    },
    "node_modules/iconv-lite": {
      "version": "0.4.24",
      "resolved": "https://registry.npmjs.org/iconv-lite/-/iconv-lite-0.4.24.tgz",
      "integrity": "sha512-v3MXnZAcvnywkIFNE8E+gvggPbACerS/pVMY61eM2HlaCrEuLzwnrisKRDv1US5Eh6mnBij/IUFall+AWAVEWA==",
      "dependencies": {
        "safer-buffer": ">= 2.1.2 < 3"
      },
      "engines": {
        "node": ">=0.10.0"
      }
    },
    "node_modules/inherits": {
      "version": "2.0.4",
      "resolved": "https://registry.npmjs.org/inherits/-/inherits-2.0.4.tgz",
      "integrity": "sha512-k/vGaX4/Yla3Wb6DbkHi5PZcrvqt5KochUb+r8uhTxDbss7JoKl2wnEzeS+v+CUughGeCgBIJOMXV6doSINb1g=="
    },
    "node_modules/ipaddr.js": {
      "version": "1.9.1",
      "resolved": "https://registry.npmjs.org/ipaddr.js/-/ipaddr.js-1.9.1.tgz",
      "integrity": "sha512-0KI/607xoxSToH7GjN1FfSbLoU0+btTicjsQ/pSmsEaMAE1eZGmbTyXZiEpQI/h37tmfiiTxjeiTGM3T2BfuSkQ==",
      "engines": {
        "node": ">= 0.10"
      }
    },
    "node_modules/media-typer": {
      "version": "0.3.0",
      "resolved": "https://registry.npmjs.org/media-typer/-/media-typer-0.3.0.tgz",
      "integrity": "sha512-dq+qelQ9ak2adAmxmmmJGF+2hm3uI42a0EnI3wSpl3iCtt4I+S4AB0d3hSg0t2naG1N/eOMoij24D4k5R2ksdA==",
      "engines": {
        "node": ">= 0.6"
      }
    },
    "node_modules/merge-descriptors": {
      "version": "1.0.1",
      "resolved": "https://registry.npmjs.org/merge-descriptors/-/merge-descriptors-1.0.1.tgz",
      "integrity": "sha512-cCi6g3/Zr1iqQi6ySbseM1Xvooa98N0w31jzUYrXPX2xqObmF8+keSJDPVpks3msRqs2se2wKbhOhyxndpSBUw=="
    },
    "node_modules/methods": {
      "version": "1.1.2",
      "resolved": "https://registry.npmjs.org/methods/-/methods-1.1.2.tgz",
      "integrity": "sha512-iclAHeNqxp8TT8TCHS+R5+223v8j1kQ2Vv14sFpM0/1gp5l08kG3GcV3iV/U/b2B51aJ2y0axf2T/xdYtBvGg==",
      "engines": {
        "node": ">= 0.6"
      }
    },
    "node_modules/mime": {
      "version": "1.6.0",
      "resolved": "https://registry.npmjs.org/mime/-/mime-1.6.0.tgz",
      "integrity": "sha512-x0Vn8spI+wuJ1O6S7gnbaQg8Pxh4NNHb7MuxyITlSEWJodvEVoecJAMa640g4/T3URa/w3uyBvV3LssGPUGHQ==",
      "bin": {
        "mime": "cli.js"
      },
      "engines": {
        "node": ">=4"
      }
    },
    "node_modules/mime-db": {
      "version": "1.52.0",
      "resolved": "https://registry.npmjs.org/mime-db/-/mime-db-1.52.0.tgz",
      "integrity": "sha512-sPU4uV7dYlvtWd4cgqAzd2GmIWXOkPD+sx5WbFkAciZxKxMLTZygHuVsazhcrMyGz6pwjQwMIRRHkdKWVuSPNw==",
      "engines": {
        "node": ">= 0.6"
      }
    },
    "node_modules/mime-types": {
      "version": "2.1.35",
      "resolved": "https://registry.npmjs.org/mime-types/-/mime-types-2.1.35.tgz",
      "integrity": "sha512-ZDY+bPm5zTTF+YpCrAU9nK0UgICYPT0QtT1NZWFv4s++TNkTTDbk6ui1ypr3Vo1TevWb9flKw5zZhpk7ftmSplg==",
      "dependencies": {
        "mime-db": "1.52.0"
      },
      "engines": {
        "node": ">= 0.6"
      }
    },
    "node_modules/ms": {
      "version": "2.1.2",
      "resolved": "https://registry.npmjs.org/ms/-/ms-2.1.2.tgz",
      "integrity": "sha512-sGkPx+VjMtmA6MX27oA4FBFELFCZZ4S4XqeGOXCv68tT+Anm2dx8bq0cAPathabIyaCj03PdDN3qs/RBHcaFlw=="
    },
    "node_modules/negotiator": {
      "version": "0.6.3",
      "resolved": "https://registry.npmjs.org/negotiator/-/negotiator-0.6.3.tgz",
      "integrity": "sha512-+EUsqGPLsM+j/zdChZjsnX51g4XrHFOdNwfn4j1cpFabETR6BOA/hbOCitCADe7WYwBE2vt3mcLA9BQ+JpkygA==",
      "engines": {
        "node": ">= 0.6"
      }
    },
    "node_modules/node-fetch": {
      "version": "2.7.0",
      "resolved": "https://registry.npmjs.org/node-fetch/-/node-fetch-2.7.0.tgz",
      "integrity": "sha512-c4FRfUm/MiRse9e63cZC7iTsEgrncdurYjGP5aKM2k2YpefG62KHFUjM6g2jCUmG9VqIsb45q5VE4zGg6f5x6Q==",
      "dependencies": {
        "whatwg-url": "^5.0.0"
      },
      "engines": {
        "node": "4.x || >=6.0.0"
      },
      "peerDependencies": {
        "encoding": "^0.1.0"
      },
      "peerDependenciesMeta": {
        "encoding": {
          "optional": true
        }
      }
    },
    "node_modules/node-telegram-bot-api": {
      "version": "0.66.0",
      "resolved": "https://registry.npmjs.org/node-telegram-bot-api/-/node-telegram-bot-api-0.66.0.tgz",
      "integrity": "sha512-QeCmp38FBys6Y04einLcnrIE50X+Yge2t7n50sEFA0V8gDCAStyPwbC9A0YcW/Ixt/sYy0C+F+a3N2LzYgMB9Q==",
      "dependencies": {
        "agent-base": "6.0.2",
        "async-retry": "1.3.3",
        "bl": "4.1.0",
        "duplexify": "4.1.2",
        "file-type": "16.5.4",
        "flush-collaboration": "1.2.1",
        "form-data": "4.0.0",
        "http-proxy-agent": "5.0.0",
        "https-proxy-agent": "5.0.1",
        "node-fetch": "2.7.0",
        "pump": "3.0.0",
        "request": "2.88.2",
        "stream-length": "1.0.2"
      },
      "engines": {
        "node": ">=14.0.0"
      }
    },
    "node_modules/object-assign": {
      "version": "4.1.1",
      "resolved": "https://registry.npmjs.org/object-assign/-/object-assign-4.1.1.tgz",
      "integrity": "sha512-rJgTQnkUnH1sFw8yT6VSU3zD3sW2t62DaceBAbGqtVFIMX1hLAMplf3sSP+rN9s78kSysG/m9rd1aIMOTXoayA==",
      "engines": {
        "node": ">=0.10.0"
      }
    },
    "node_modules/object-inspect": {
      "version": "1.13.1",
      "resolved": "https://registry.npmjs.org/object-inspect/-/object-inspect-1.13.1.tgz",
      "integrity": "sha512-5bB743E3NchE3rIqypE3KA3GTVW+O+qAE7hSS6cWj678tCAZAq0AbR2PcrKWLp+1j9sV5i3a242s1isC2fG4IA==",
      "funding": {
        "url": "https://github.com/sponsors/ljharb"
      }
    },
    "node_modules/on-finished": {
      "version": "2.4.1",
      "resolved": "https://registry.npmjs.org/on-finished/-/on-finished-2.4.1.tgz",
      "integrity": "sha512-oVlzkg3ENAhCk2zdv7IJwd/QUD4z2RxRwpkcGY8psCVcCYZNq4wYnVWALHM+brtuJv_LJa5ej5inqB52OndsCg==",
      "dependencies": {
        "ee-first": "1.1.1"
      },
      "engines": {
        "node": ">= 0.8"
      }
    },
    "node_modules/once": {
      "version": "1.4.0",
      "resolved": "https://registry.npmjs.org/once/-/once-1.4.0.tgz",
      "integrity": "sha512-lCKspO7gR932+VANnTpqoJ1oT4Fv981jGgMsAq7iG6oU6tXmDxBxpI04TCH4r3/oQvlpuHQ/IF92y9p5NqIrgA==",
      "dependencies": {
        "wrappy": "1"
      }
    },
    "node_modules/parseurl": {
      "version": "1.3.3",
      "resolved": "https://registry.npmjs.org/parseurl/-/parseurl-1.3.3.tgz",
      "integrity": "sha512-CahacjMgoZ/Pn8slP05C2o2sD62b3up9l75ZNGs3s5WcDaXQfXg3GgE1pBCg2aPgms8rgs25g1I9A13U0e4bPg==",
      "engines": {
        "node": ">= 0.8"
      }
    },
    "node_modules/path-to-regexp": {
      "version": "0.1.7",
      "resolved": "https://registry.npmjs.org/path-to-regexp/-/path-to-regexp-0.1.7.tgz",
      "integrity": "sha512-5DFG1IfWi3c48o2eN9d9b4Q82k3B6j4v7y32S/V3hD/pqX38xT3s2Ak9sUf4pG/NWTMhHnfm91s21pLAZAUg=="
    },
    "node_modules/proxy-addr": {
      "version": "2.0.7",
      "resolved": "https://registry.npmjs.org/proxy-addr/-/proxy-addr-2.0.7.tgz",
      "integrity": "sha512-llQsMLS6BAENTlea6k7N2GmsqQvxGVyZ/weDYK+M2o/kr/9aFp7v7A6oK6trgl3p/KRxW4aiTMzNj32eAiXnIA==",
      "dependencies": {
        "forwarded": "0.2.0",
        "ipaddr.js": "1.9.1"
      },
      "engines": {
        "node": ">= 0.10"
      }
    },
    "node_modules/pump": {
      "version": "3.0.0",
      "resolved": "https://registry.npmjs.org/pump/-/pump-3.0.0.tgz",
      "integrity": "sha512-LwZy+p3MC2TA1Zc9eLgGB6/H2Yc5q3i/3trZ1LgXvIe8a6vYgtIq/P42tVIBP6B3b2d1vI/5ANaYg5G10A6wQ==",
      "dependencies": {
        "end-of-stream": "^1.1.0",
        "once": "^1.3.1"
      }
    },
    "node_modules/qs": {
      "version": "6.11.0",
      "resolved": "https://registry.npmjs.org/qs/-/qs-6.11.0.tgz",
      "integrity": "sha512-MvjoMCJwEarSbUYk5P1gnQLsUFoic+Ne2miqF2gIktMRoC81pgs4+uzKlS3b3goZQdsr3cPLuvEnmtK3kwO+wg==",
      "dependencies": {
        "side-channel": "^1.0.4"
      },
      "engines": {
        "node": ">=0.6"
      },
      "funding": {
        "url": "https://github.com/sponsors/ljharb"
      }
    },
    "node_modules/range-parser": {
      "version": "1.2.1",
      "resolved": "https://registry.npmjs.org/range-parser/-/range-parser-1.2.1.tgz",
      "integrity": "sha512-Hrgsx+orqoy5w3TuQ2CVwMV6C0a2E6c8jE137w/t3DL29F1bA9ePZ0241h66Uo320wLMtPjd/2T8b+d63So9wA==",
      "engines": {
        "node": ">= 0.6"
      }
    },
    "node_modules/raw-body": {
      "version": "2.5.2",
      "resolved": "https://registry.npmjs.org/raw-body/-/raw-body-2.5.2.tgz",
      "integrity": "sha512-8vxD1t23E2hi1/iP9I4/Gg942P72a4QxGvuG/3F3F1sSH9dqNAu3Lp6SoM/st3ABjW2eP4t+5aQ/20e8tZ4Aag==",
      "dependencies": {
        "bytes": "3.1.2",
        "http-errors": "2.0.0",
        "iconv-lite": "0.4.24",
        "unpipe": "1.0.0"
      },
      "engines": {
        "node": ">= 0.8"
      }
    },
    "node_modules/readable-stream": {
      "version": "3.6.2",
      "resolved": "https://registry.npmjs.org/readable-stream/-/readable-stream-3.6.2.tgz",
      "integrity": "sha512-9u/sniCrY3D5WdsERHzHE4G2YCXxIHWksHy91LwVkprEIrN7Hk5G7/o2SmsA4pDq0gVCLS5aSt3CAmN8lwY2bQ==",
      "dependencies": {
        "inherits": "^2.0.3",
        "string_decoder": "^1.1.1",
        "util-deprecate": "^1.0.1"
      },
      "engines": {
        "node": ">= 6"
      }
    },
    "node_modules/readable-web-to-node-stream": {
      "version": "3.0.2",
      "resolved": "https://registry.npmjs.org/readable-web-to-node-stream/-/readable-web-to-node-stream-3.0.2.tgz",
      "integrity": "sha512-ePeK6cc1FwDGlAM2tT321A6Rk+qCH5w6V5v2vP58Fx35i6jKxmkb55pz5PYBvj83Iu0eG1I8rTz4FzV2T86BDw==",
      "engines": {
        "node": ">=12.16.0"
      }
    },
    "node_modules/request": {
      "version": "2.88.2",
      "resolved": "https://registry.npmjs.org/request/-/request-2.88.2.tgz",
      "integrity": "sha512-MsvtOrfGARU4Jpeq6kL3nO4Vna1Y/0TyXdlLd1irOTc9QfIsdBaZ1U+KyLT+LRI3iAvS1Bv0s2FkQ/TNmBRY Tw==",
      "dependencies": {
        "aws-sign2": "~0.7.0",
        "aws4": "^1.8.0",
        "caseless": "~0.12.0",
        "combined-stream": "~1.0.6",
        "extend": "~3.0.2",
        "forever-agent": "~0.6.1",
        "form-data": "~2.3.2",
        "har-validator": "~5.1.3",
        "http-signature": "~1.2.0",
        "is-typedarray": "~1.0.0",
        "isstream": "~0.1.2",
        "json-stringify-safe": "~5.0.1",
        "mime-types": "~2.1.18",
        "oauth-sign": "~0.9.0",
        "performance-now": "^2.1.0",
        "qs": "~6.5.2",
        "safe-buffer": "^5.1.2",
        "tough-cookie": "~2.5.0",
        "tunnel-agent": "^0.6.0",
        "uuid": "^3.3.2"
      },
      "engines": {
        "node": ">= 6"
      }
    },
    "node_modules/request/node_modules/form-data": {
      "version": "2.3.3",
      "resolved": "https://registry.npmjs.org/form-data/-/form-data-2.3.3.tgz",
      "integrity": "sha512-1lLb0L3r0ebKXIejL93vfe+ATlD2e47IXe9rVBqcF3Be-x2Mfe9S3Pyv+aAo703/7v3K8v9ii6fmbl3B/o8ZQg==",
      "dependencies": {
        "asynckit": "^0.4.0",
        "combined-stream": "^1.0.6",
        "mime-types": "^2.1.12"
      },
      "engines": {
        "node": ">= 0.12"
      }
    },
    "node_modules/request/node_modules/qs": {
      "version": "6.5.3",
      "resolved": "https://registry.npmjs.org/qs/-/qs-6.5.3.tgz",
      "integrity": "sha512-efvB1p23eYsoTMmo33wjP80KeOhiT48s0v2Uo02EVTMRG/0QnDGe3e6aFgo2AJWe2j1wI2sF/1kmdgOQ0e2V3g==",
      "engines": {
        "node": ">=0.6"
      }
    },
    "node_modules/retry": {
      "version": "0.13.1",
      "resolved": "https://registry.npmjs.org/retry/-/retry-0.13.1.tgz",
      "integrity": "sha512-XqOeimkTt03Gz6bB4rP2y2oQdomr6dw1sSP02Q/13w/eB60/5M8O6p/3ttV2YgKqlm+zY6e2fG1I4iK3I4Yrw==",
      "engines": {
        "node": ">= 4"
      }
    },
    "node_modules/safe-buffer": {
      "version": "5.2.1",
      "resolved": "https://registry.npmjs.org/safe-buffer/-/safe-buffer-5.2.1.tgz",
      "integrity": "sha512-rp3So07KytLGKbI2SuDxmthKLfolG8KflYfTXdyIaLGBUKxt/A3W2jpOEd1vrN1wTStDebCad6e0k0hNdAEUNQ==",
      "funding": [
        {
          "type": "github",
          "url": "https://github.com/sponsors/feross"
        },
        {
          "type": "patreon",
          "url": "https://www.patreon.com/feross"
        },
        {
          "type": "consulting",
          "url": "https://feross.org/support"
        }
      ]
    },
    "node_modules/safer-buffer": {
      "version": "2.1.2",
      "resolved": "https://registry.npmjs.org/safer-buffer/-/safer-buffer-2.1.2.tgz",
      "integrity": "sha512-YZo3K82SD7Riyi0E1EQPojLz7kpepnSQI9bvyGy8BYul9oNuGuS/kskod1Y/TRz35dXlBCl5tdci/BhMxtc9zA=="
    },
    "node_modules/send": {
      "version": "0.18.0",
      "resolved": "https://registry.npmjs.org/send/-/send-0.18.0.tgz",
      "integrity": "sha512-qqWzuF34hrszr7124/l+0Ozsif6rydo6D7e+a2xDFvAMQt4Af218p8doDSRWz99rdI61/CR7vgrwhD91EY2aDQ==",
      "dependencies": {
        "debug": "2.6.9",
        "depd": "2.0.0",
        "destroy": "1.2.0",
        "encodeurl": "~1.0.2",
        "escape-html": "~1.0.3",
        "etag": "~1.8.1",
        "fresh": "0.5.2",
        "http-errors": "2.0.0",
        "mime": "1.6.0",
        "ms": "2.1.3",
        "on-finished": "2.4.1",
        "range-parser": "~1.2.1",
        "statuses": "2.0.1"
      },
      "engines": {
        "node": ">= 0.8.0"
      }
    },
    "node_modules/send/node_modules/debug": {
      "version": "2.6.9",
      "resolved": "https://registry.npmjs.org/debug/-/debug-2.6.9.tgz",
      "integrity": "sha512-bC7ElrdJaJnPbAP+1EotYvqZsb3ecl5wi6Bfi6BJTUcNowp6cvspg0jXznRTKDjm/E7AdgFBVeAPVMNcKGsHMA==",
      "dependencies": {
        "ms": "2.0.0"
      }
    },
    "node_modules/send/node_modules/ms": {
      "version": "2.0.0",
      "resolved": "https://registry.npmjs.org/ms/-/ms-2.0.0.tgz",
      "integrity": "sha512-Tpp60P6IUJDTuOq/5Z8cdskzJdAbkJT8bK2tFRheEuPA5noLSqW4DlEqrQsL/UXCV+wY6Jr62Mmu3mkmLTsuGg=="
    },
    "node_modules/serve-static": {
      "version": "1.15.0",
      "resolved": "https://registry.npmjs.org/serve-static/-/serve-static-1.15.0.tgz",
      "integrity": "sha512-XGuRDNjXUmpCOK1d20vI1ubS1K2e1l+nI8uC3J6e2bGNbf112a9x8vyhIpf7YtGxf04e0a/sA1j33B2rM31oAw==",
      "dependencies": {
        "encodeurl": "~1.0.2",
        "escape-html": "~1.0.3",
        "parseurl": "~1.3.3",
        "send": "0.18.0"
      },
      "engines": {
        "node": ">= 0.8.0"
      }
    },
    "node_modules/set-function-length": {
      "version": "1.2.2",
      "resolved": "https://registry.npmjs.org/set-function-length/-/set-function-length-1.2.2.tgz",
      "integrity": "sha512-pgRc4h5hDVB4wo1i3T4aFEAYn23L2lA66s0sLLp88zHSgytB4AuiIIh2odv3G22gCIIs9eIn227AheJ37s6U/w==",
      "dependencies": {
        "define-data-property": "^1.1.4",
        "has-property-descriptors": "^1.0.2",
        "gopd": "^1.0.1"
      },
      "engines": {
        "node": ">= 0.4"
      }
    },
    "node_modules/setprototypeof": {
      "version": "1.2.0",
      "resolved": "https://registry.npmjs.org/setprototypeof/-/setprototypeof-1.2.0.tgz",
      "integrity": "sha512-E5LDX7Wrp856ypnpwU460S/oRnMGi4gQtZq2dOLjEgLPBwRYXlQSrP309LzIagODu4XHwImdA2IoRblXNdIe8A=="
    },
    "node_modules/side-channel": {
      "version": "1.0.4",
      "resolved": "https://registry.npmjs.org/side-channel/-/side-channel-1.0.4.tgz",
      "integrity": "sha512-q5XPytqFEgnHkG6v3A22cZks5wT2oSlA4Q6v+sY1E7e7eVDvev0FYcIjU2GNcd7LpX4oEk13KxG2wQ9iJp9wOg==",
      "dependencies": {
        "call-bind": "^1.0.0",
        "get-intrinsic": "^1.0.2",
        "object-inspect": "^1.9.0"
      },
      "funding": {
        "url": "https://github.com/sponsors/ljharb"
      }
    },
    "node_modules/statuses": {
      "version": "2.0.1",
      "resolved": "https://registry.npmjs.org/statuses/-/statuses-2.0.1.tgz",
      "integrity": "sha512-RwNA9Z/7PrK06rYLIzFMlaF+l73iwpzsqqzeR3s4kHY2QpcM1DTC4VSXgtTq9clPHGPUI4Jyr48stKUEh3t8NQ==",
      "engines": {
        "node": ">= 0.8"
      }
    },
    "node_modules/stream-length": {
      "version": "1.0.2",
      "resolved": "https://registry.npmjs.org/stream-length/-/stream-length-1.0.2.tgz",
      "integrity": "sha512-J35KkJqGFVfxqBEdTe6/j2sA3E+Nse8lG03Pici5W1c7t3O4K0CEGjIe37o2PZt1hVvj5w/+iCs35mcbD2dCgQ=="
    },
    "node_modules/stream-shift": {
      "version": "1.0.1",
      "resolved": "https://registry.npmjs.org/stream-shift/-/stream-shift-1.0.1.tgz",
      "integrity": "sha512-AiisoFqQ0vbGcZgQPY1A2g57b1I4z3c08IeGfD/vG1L3kTwbA1d7A1YVqI7bC95Yk0s8c7p4m+SgfJm+h0w=="
    },
    "node_modules/string_decoder": {
      "version": "1.1.1",
      "resolved": "https://registry.npmjs.org/string_decoder/-/string_decoder-1.1.1.tgz",
      "integrity": "sha512-n/ShnvDi6Z4tANMthNXjWMkSNScf7z+LsWStt9EwcusBPfiCFxZcfx/WjOHjprfbVNvav9AIt9v0TASI6wM7bw==",
      "dependencies": {
        "safe-buffer": "~5.1.0"
      }
    },
    "node_modules/strtok3": {
      "version": "6.3.0",
      "resolved": "https://registry.npmjs.org/strtok3/-/strtok3-6.3.0.tgz",
      "integrity": "sha512-1PVOz7YV7aYp32a0T2xx3tC/23i+x2C4d2l6i/lC2osttTWu00YwOw19633eLz6KTR/2s6a4/jIEM02vEna75Q==",
      "dependencies": {
        "peek-readable": "^4.1.0",
        "token-types": "^4.1.0"
      },
      "engines": {
        "node": ">=10.0.0"
      }
    },
    "node_modules/toidentifier": {
      "version": "1.0.1",
      "resolved": "https://registry.npmjs.org/toidentifier/-/toidentifier-1.0.1.tgz",
      "integrity": "sha512-o5sSPKEkgOgrbLh2djvYprMk7inM4xgrc5Lh5e9xwB4+V30gN7S+w+edkBIy52dsY89p2EaBptGvj/aZ2t00aQ==",
      "engines": {
        "node": ">=0.6"
      }
    },
    "node_modules/token-types": {
      "version": "4.2.1",
      "resolved": "https://registry.npmjs.org/token-types/-/token-types-4.2.1.tgz",
      "integrity": "sha512-6udB21qlzUSQq4A06A3Kxvz3e3vGgp25yEYn7N1HMXN20oNDRqgmMxRNb11wT6d7lXHSNhO23vOn2Q5e2wI6wA==",
      "engines": {
        "node": ">=10.0.0"
      }
    },
    "node_modules/type-is": {
      "version": "1.6.18",
      "resolved": "https://registry.npmjs.org/type-is/-/type-is-1.6.18.tgz",
      "integrity": "sha512-TkRKr9sUTxEH8MdfuCSP7VizJdguvvyEOWHr2tMRcHYgA0Gqhy5gD/scFm0eNsETz3zu+3eCi99TYmgg9o+qOA==",
      "dependencies": {
        "media-typer": "0.3.0",
        "mime-types": "~2.1.24"
      },
      "engines": {
        "node": ">= 0.6"
      }
    },
    "node_modules/unpipe": {
      "version": "1.0.0",
      "resolved": "https://registry.npmjs.org/unpipe/-/unpipe-1.0.0.tgz",
      "integrity": "sha512-pjy2bYhSsufwWlKwPc+l42BfvP1N55o0H1wjA1fLgErvKglG5+vTKr8p4iC+Lg8MurYk3FMLbzcun2W5B6p9sA==",
      "engines": {
        "node": ">= 0.8"
      }
    },
    "node_modules/utils-merge": {
      "version": "1.0.1",
      "resolved": "https://registry.npmjs.org/utils-merge/-/utils-merge-1.0.1.tgz",
      "integrity": "sha512-pMofb1VBh7n5s2T41lVwVHRmJ05c1+hRIi0C38fO2nBE3v/e66B4M2up2e6WUVEb4Bw2w4Qo4aBmA2+s2Q6/sw==",
      "engines": {
        "node": ">= 0.4.0"
      }
    },
    "node_modules/util-deprecate": {
      "version": "1.0.2",
      "resolved": "https://registry.npmjs.org/util-deprecate/-/util-deprecate-1.0.2.tgz",
      "integrity": "sha512-EPD5q1uXyFxJpCrAshXDfF+A5OViSDwBwPfnL90S3hDFL7OuCSH2o2r0QDmSGLgCmqsYxX7udADa1USbXg/3cg=="
    },
    "node_modules/vary": {
      "version": "1.1.2",
      "resolved": "https://registry.npmjs.org/vary/-/vary-1.1.2.tgz",
      "integrity": "sha512-BNGbWLfd0eUPab0r20fCgSAOWrxjdPa50/14ubHYG0e+2eY/346I3MA1y8gfw+nKBBHqjVAbYpwGdA8yWd0rBg==",
      "engines": {
        "node": ">= 0.8"
      }
    },
    "node_modules/whatwg-url": {
      "version": "5.0.0",
      "resolved": "https://registry.npmjs.org/whatwg-url/-/whatwg-url-5.0.0.tgz",
      "integrity": "sha512-saE57nup5q6otPXBf1C7AClgWd3Z4BO6sQd5P2jTmWOr8N42hUaE1aW33dbe6f6N7s5kRprO1pweJdC2e0hllg==",
      "dependencies": {
        "tr46": "~0.0.3",
        "webidl-conversions": "^3.0.1"
      }
    },
    "node_modules/wrappy": {
      "version": "1.0.2",
      "resolved": "https://registry.npmjs.org/wrappy/-/wrappy-1.0.2.tgz",
      "integrity": "sha512-l4Sp/DRseor9wL6EvV2+TuQhmEePna2ntxKM2NmNycBpg10E0uAtzbsrVdcBw5o2UaKutgQIHyM+c8R3iX5G3w=="
    }
  }
}
